# This file is automatically @generated by Cargo.
# It is not intended for manual editing.
[[package]]
name = "arrayvec"
version = "0.5.1"
source = "registry+https://github.com/rust-lang/crates.io-index"
checksum = "cff77d8686867eceff3105329d4698d96c2391c176d5d03adc90c7389162b5b8"

[[package]]
name = "clipboard-win"
version = "4.0.3"
source = "registry+https://github.com/rust-lang/crates.io-index"
checksum = "5123c6b97286809fea9e38d2c9bf530edbcb9fc0d8f8272c28b0c95f067fa92d"
dependencies = [
 "error-code",
 "str-buf",
 "winapi 0.3.9",
]

[[package]]
name = "close-file"
version = "0.1.0"
source = "registry+https://github.com/rust-lang/crates.io-index"
checksum = "b617c5a8397194169742db384ad7180451247d0974794d374c19c7fd74b3b1dc"
dependencies = [
 "kernel32-sys",
 "libc",
 "winapi 0.3.9",
]

[[package]]
name = "error-code"
version = "2.0.2"
source = "registry+https://github.com/rust-lang/crates.io-index"
checksum = "b49c94f66f2d2c5ee8685039e458b4e6c9f13af7c28736baf10ce42966a5ab52"
dependencies = [
 "libc",
 "str-buf",
]

[[package]]
name = "kernel32-sys"
version = "0.2.2"
source = "registry+https://github.com/rust-lang/crates.io-index"
checksum = "7507624b29483431c0ba2d82aece8ca6cdba9382bff4ddd0f7490560c056098d"
dependencies = [
 "winapi 0.2.8",
 "winapi-build",
]

[[package]]
name = "libc"
version = "0.2.77"
source = "registry+https://github.com/rust-lang/crates.io-index"
checksum = "f2f96b10ec2560088a8e76961b00d47107b3a625fecb76dedb29ee7ccbf98235"

[[package]]
name = "mp4-rotator"
version = "0.1.0"
dependencies = [
 "arrayvec",
 "clipboard-win",
 "close-file",
]

[[package]]
name = "str-buf"
version = "1.0.4"
source = "registry+https://github.com/rust-lang/crates.io-index"
checksum = "0a47e418bf71fa32157eb3ab85e1bfafaafdc0912ba2af11931a3e1d9b20957a"

[[package]]
name = "winapi"
version = "0.2.8"
source = "registry+https://github.com/rust-lang/crates.io-index"
checksum = "167dc9d6949a9b857f3451275e911c3f44255842c1f7a76f33c55103a909087a"

[[package]]
name = "winapi"
version = "0.3.9"
source = "registry+https://github.com/rust-lang/crates.io-index"
checksum = "5c839a674fcd7a98952e593242ea400abe93992746761e38641405d28b00f419"
dependencies = [
 "winapi-i686-pc-windows-gnu",
 "winapi-x86_64-pc-windows-gnu",
]

[[package]]
name = "winapi-build"
version = "0.1.1"
source = "registry+https://github.com/rust-lang/crates.io-index"
checksum = "2d315eee3b34aca4797b2da6b13ed88266e6d612562a0c46390af8299fc699bc"

[[package]]
name = "winapi-i686-pc-windows-gnu"
version = "0.4.0"
source = "registry+https://github.com/rust-lang/crates.io-index"
checksum = "ac3b87c63620426dd9b991e5ce0329eff545bccbbb34f3be09ff6fb6ab51b7b6"

[[package]]
name = "winapi-x86_64-pc-windows-gnu"
version = "0.4.0"
source = "registry+https://github.com/rust-lang/crates.io-index"
checksum = "712e227841d057c1ee1cd2fb22fa7e5a5461ae8e48fa2ca79ec42cfc1931183f"
